
Microsoft Visual Studio Solution File, Format Version 12.00
# Visual Studio Version 17
VisualStudioVersion = 17.2.32630.192
MinimumVisualStudioVersion = 10.0.40219.1
Project("{8BC9CEB8-8B4A-11D0-8D11-00A0C91BC942}") = "ConsoleApplication1", "ConsoleApplication1.vcxproj", "{05EA1872-DE89-45EA-AB05-D8A4EDE0DFDC}"
EndProject
Global
	GlobalSection(SolutionConfigurationPlatforms) = preSolution
		Debug|x64 = Debug|x64
		Debug|x86 = Debug|x86
		Release|x64 = Release|x64
		Release|x86 = Release|x86
	EndGlobalSection
	GlobalSection(ProjectConfigurationPlatforms) = postSolution
		{05EA1872-DE89-45EA-AB05-D8A4EDE0DFDC}.Debug|x64.ActiveCfg = Debug|x64
		{05EA1872-DE89-45EA-AB05-D8A4EDE0DFDC}.Debug|x64.Build.0 = Debug|x64
		{05EA1872-DE89-45EA-AB05-D8A4EDE0DFDC}.Debug|x86.ActiveCfg = Debug|Win32
		{05EA1872-DE89-45EA-AB05-D8A4EDE0DFDC}.Debug|x86.Build.0 = Debug|Win32
		{05EA1872-DE89-45EA-AB05-D8A4EDE0DFDC}.Release|x64.ActiveCfg = Release|x64
		{05EA1872-DE89-45EA-AB05-D8A4EDE0DFDC}.Release|x64.Build.0 = Release|x64
		{05EA1872-DE89-45EA-AB05-D8A4EDE0DFDC}.Release|x86.ActiveCfg = Release|Win32
		{05EA1872-DE89-45EA-AB05-D8A4EDE0DFDC}.Release|x86.Build.0 = Release|Win32
	EndGlobalSection
	GlobalSection(SolutionProperties) = preSolution
		HideSolutionNode = FALSE
	EndGlobalSection
	GlobalSection(ExtensibilityGlobals) = postSolution
		SolutionGuid = {081D51B5-71E1-4607-B09A-E4D50A720B80}
	EndGlobalSection
EndGlobal
